
Microsoft Visual Studio Solution File, Format Version 12.00
# Visual Studio Version 16
VisualStudioVersion = 16.0.29418.71
MinimumVisualStudioVersion = 10.0.40219.1
Project("{FAE04EC0-301F-11D3-BF4B-00C04F79EFBC}") = "CashMachine", "CashMachine\CashMachine.csproj", "{D5AD908F-4EB1-4392-A995-B98ABC47ACF1}"
EndProject
Project("{FAE04EC0-301F-11D3-BF4B-00C04F79EFBC}") = "UnitTests", "UnitTests\UnitTests.csproj", "{CE58B277-2202-48E6-8C3A-076B4EA0F2A4}"
EndProject
Global
	GlobalSection(SolutionConfigurationPlatforms) = preSolution
		Debug|Any CPU = Debug|Any CPU
		Release|Any CPU = Release|Any CPU
	EndGlobalSection
	GlobalSection(ProjectConfigurationPlatforms) = postSolution
		{D5AD908F-4EB1-4392-A995-B98ABC47ACF1}.Debug|Any CPU.ActiveCfg = Debug|Any CPU
		{D5AD908F-4EB1-4392-A995-B98ABC47ACF1}.Debug|Any CPU.Build.0 = Debug|Any CPU
		{D5AD908F-4EB1-4392-A995-B98ABC47ACF1}.Release|Any CPU.ActiveCfg = Release|Any CPU
		{D5AD908F-4EB1-4392-A995-B98ABC47ACF1}.Release|Any CPU.Build.0 = Release|Any CPU
		{CE58B277-2202-48E6-8C3A-076B4EA0F2A4}.Debug|Any CPU.ActiveCfg = Debug|Any CPU
		{CE58B277-2202-48E6-8C3A-076B4EA0F2A4}.Debug|Any CPU.Build.0 = Debug|Any CPU
		{CE58B277-2202-48E6-8C3A-076B4EA0F2A4}.Release|Any CPU.ActiveCfg = Release|Any CPU
		{CE58B277-2202-48E6-8C3A-076B4EA0F2A4}.Release|Any CPU.Build.0 = Release|Any CPU
	EndGlobalSection
	GlobalSection(SolutionProperties) = preSolution
		HideSolutionNode = FALSE
	EndGlobalSection
	GlobalSection(ExtensibilityGlobals) = postSolution
		SolutionGuid = {2AE72F2A-D173-4029-8E42-964A8144CF27}
	EndGlobalSection
EndGlobal
